// !$*UTF8*$!
{
	archiveVersion = 1;
	classes = {
	};
	objectVersion = 56;
	objects = {

/* Begin PBXBuildFile section */
		852B9FDC29D7469A003571E1 /* PredapreyApp.swift in Sources */ = {isa = PBXBuildFile; fileRef = 852B9FDB29D7469A003571E1 /* PredapreyApp.swift */; };
		852B9FE029D7469B003571E1 /* Assets.xcassets in Resources */ = {isa = PBXBuildFile; fileRef = 852B9FDF29D7469B003571E1 /* Assets.xcassets */; };
		852B9FE329D7469B003571E1 /* Preview Assets.xcassets in Resources */ = {isa = PBXBuildFile; fileRef = 852B9FE229D7469B003571E1 /* Preview Assets.xcassets */; };
		852FFB8929D843FD00C80F6D /* ResultProcessing.swift in Sources */ = {isa = PBXBuildFile; fileRef = 852FFB8829D843FD00C80F6D /* ResultProcessing.swift */; };
		852FFB8B29D8569E00C80F6D /* CharterGraph.swift in Sources */ = {isa = PBXBuildFile; fileRef = 852FFB8A29D8569E00C80F6D /* CharterGraph.swift */; };
		859CEA4429D74AF600423D03 /* Simulation.swift in Sources */ = {isa = PBXBuildFile; fileRef = 859CEA4329D74AF600423D03 /* Simulation.swift */; };
		859CEA4729D74D0400423D03 /* RungeKutta.swift in Sources */ = {isa = PBXBuildFile; fileRef = 859CEA4629D74D0400423D03 /* RungeKutta.swift */; };
/* End PBXBuildFile section */

/* Begin PBXFileReference section */
		852B9FD829D7469A003571E1 /* Predaprey.app */ = {isa = PBXFileReference; explicitFileType = wrapper.application; includeInIndex = 0; path = Predaprey.app; sourceTree = BUILT_PRODUCTS_DIR; };
		852B9FDB29D7469A003571E1 /* PredapreyApp.swift */ = {isa = PBXFileReference; lastKnownFileType = sourcecode.swift; path = PredapreyApp.swift; sourceTree = "<group>"; };
		852B9FDF29D7469B003571E1 /* Assets.xcassets */ = {isa = PBXFileReference; lastKnownFileType = folder.assetcatalog; path = Assets.xcassets; sourceTree = "<group>"; };
		852B9FE229D7469B003571E1 /* Preview Assets.xcassets */ = {isa = PBXFileReference; lastKnownFileType = folder.assetcatalog; path = "Preview Assets.xcassets"; sourceTree = "<group>"; };
		852FFB8829D843FD00C80F6D /* ResultProcessing.swift */ = {isa = PBXFileReference; lastKnownFileType = sourcecode.swift; path = ResultProcessing.swift; sourceTree = "<group>"; };
		852FFB8A29D8569E00C80F6D /* CharterGraph.swift */ = {isa = PBXFileReference; lastKnownFileType = sourcecode.swift; path = CharterGraph.swift; sourceTree = "<group>"; };
		859CEA4329D74AF600423D03 /* Simulation.swift */ = {isa = PBXFileReference; lastKnownFileType = sourcecode.swift; path = Simulation.swift; sourceTree = "<group>"; };
		859CEA4629D74D0400423D03 /* RungeKutta.swift */ = {isa = PBXFileReference; lastKnownFileType = sourcecode.swift; path = RungeKutta.swift; sourceTree = "<group>"; };
/* End PBXFileReference section */

/* Begin PBXFrameworksBuildPhase section */
		852B9FD529D7469A003571E1 /* Frameworks */ = {
			isa = PBXFrameworksBuildPhase;
			buildActionMask = 2147483647;
			files = (
			);
			runOnlyForDeploymentPostprocessing = 0;
		};
/* End PBXFrameworksBuildPhase section */

/* Begin PBXGroup section */
		852B9FCF29D7469A003571E1 = {
			isa = PBXGroup;
			children = (
				852B9FDA29D7469A003571E1 /* Predaprey */,
				852B9FD929D7469A003571E1 /* Products */,
			);
			sourceTree = "<group>";
		};
		852B9FD929D7469A003571E1 /* Products */ = {
			isa = PBXGroup;
			children = (
				852B9FD829D7469A003571E1 /* Predaprey.app */,
			);
			name = Products;
			sourceTree = "<group>";
		};
		852B9FDA29D7469A003571E1 /* Predaprey */ = {
			isa = PBXGroup;
			children = (
				852B9FDB29D7469A003571E1 /* PredapreyApp.swift */,
				859CEA4329D74AF600423D03 /* Simulation.swift */,
				859CEA4629D74D0400423D03 /* RungeKutta.swift */,
				852FFB8829D843FD00C80F6D /* ResultProcessing.swift */,
				852FFB8A29D8569E00C80F6D /* CharterGraph.swift */,
				852B9FDF29D7469B003571E1 /* Assets.xcassets */,
				852B9FE129D7469B003571E1 /* Preview Content */,
			);
			path = Predaprey;
			sourceTree = "<group>";
		};
		852B9FE129D7469B003571E1 /* Preview Content */ = {
			isa = PBXGroup;
			children = (
				852B9FE229D7469B003571E1 /* Preview Assets.xcassets */,
			);
			path = "Preview Content";
			sourceTree = "<group>";
		};
/* End PBXGroup section */

/* Begin PBXNativeTarget section */
		852B9FD729D7469A003571E1 /* Predaprey */ = {
			isa = PBXNativeTarget;
			buildConfigurationList = 852B9FE629D7469B003571E1 /* Build configuration list for PBXNativeTarget "Predaprey" */;
			buildPhases = (
				852B9FD429D7469A003571E1 /* Sources */,
				852B9FD529D7469A003571E1 /* Frameworks */,
				852B9FD629D7469A003571E1 /* Resources */,
			);
			buildRules = (
			);
			dependencies = (
			);
			name = Predaprey;
			productName = Predaprey;
			productReference = 852B9FD829D7469A003571E1 /* Predaprey.app */;
			productType = "com.apple.product-type.application";
		};
/* End PBXNativeTarget section */

/* Begin PBXProject section */
		852B9FD029D7469A003571E1 /* Project object */ = {
			isa = PBXProject;
			attributes = {
				BuildIndependentTargetsInParallel = 1;
				LastSwiftUpdateCheck = 1420;
				LastUpgradeCheck = 1420;
				TargetAttributes = {
					852B9FD729D7469A003571E1 = {
						CreatedOnToolsVersion = 14.2;
					};
				};
			};
			buildConfigurationList = 852B9FD329D7469A003571E1 /* Build configuration list for PBXProject "Predaprey" */;
			compatibilityVersion = "Xcode 14.0";
			developmentRegion = en;
			hasScannedForEncodings = 0;
			knownRegions = (
				en,
				Base,
			);
			mainGroup = 852B9FCF29D7469A003571E1;
			productRefGroup = 852B9FD929D7469A003571E1 /* Products */;
			projectDirPath = "";
			projectRoot = "";
			targets = (
				852B9FD729D7469A003571E1 /* Predaprey */,
			);
		};
/* End PBXProject section */

/* Begin PBXResourcesBuildPhase section */
		852B9FD629D7469A003571E1 /* Resources */ = {
			isa = PBXResourcesBuildPhase;
			buildActionMask = 2147483647;
			files = (
				852B9FE329D7469B003571E1 /* Preview Assets.xcassets in Resources */,
				852B9FE029D7469B003571E1 /* Assets.xcassets in Resources */,
			);
			runOnlyForDeploymentPostprocessing = 0;
		};
/* End PBXResourcesBuildPhase section */

/* Begin PBXSourcesBuildPhase section */
		852B9FD429D7469A003571E1 /* Sources */ = {
			isa = PBXSourcesBuildPhase;
			buildActionMask = 2147483647;
			files = (
				859CEA4429D74AF600423D03 /* Simulation.swift in Sources */,
				852FFB8929D843FD00C80F6D /* ResultProcessing.swift in Sources */,
				852FFB8B29D8569E00C80F6D /* CharterGraph.swift in Sources */,
				859CEA4729D74D0400423D03 /* RungeKutta.swift in Sources */,
				852B9FDC29D7469A003571E1 /* PredapreyApp.swift in Sources */,
			);
			runOnlyForDeploymentPostprocessing = 0;
		};
/* End PBXSourcesBuildPhase section */

/* Begin XCBuildConfiguration section */
		852B9FE429D7469B003571E1 /* Debug */ = {
			isa = XCBuildConfiguration;
			buildSettings = {
				ALWAYS_SEARCH_USER_PATHS = NO;
				CLANG_ANALYZER_NONNULL = YES;
				CLANG_ANALYZER_NUMBER_OBJECT_CONVERSION = YES_AGGRESSIVE;
				CLANG_CXX_LANGUAGE_STANDARD = "gnu++20";
				CLANG_ENABLE_MODULES = YES;
				CLANG_ENABLE_OBJC_ARC = YES;
				CLANG_ENABLE_OBJC_WEAK = YES;
				CLANG_WARN_BLOCK_CAPTURE_AUTORELEASING = YES;
				CLANG_WARN_BOOL_CONVERSION = YES;
				CLANG_WARN_COMMA = YES;
				CLANG_WARN_CONSTANT_CONVERSION = YES;
				CLANG_WARN_DEPRECATED_OBJC_IMPLEMENTATIONS = YES;
				CLANG_WARN_DIRECT_OBJC_ISA_USAGE = YES_ERROR;
				CLANG_WARN_DOCUMENTATION_COMMENTS = YES;
				CLANG_WARN_EMPTY_BODY = YES;
				CLANG_WARN_ENUM_CONVERSION = YES;
				CLANG_WARN_INFINITE_RECURSION = YES;
				CLANG_WARN_INT_CONVERSION = YES;
				CLANG_WARN_NON_LITERAL_NULL_CONVERSION = YES;
				CLANG_WARN_OBJC_IMPLICIT_RETAIN_SELF = YES;
				CLANG_WARN_OBJC_LITERAL_CONVERSION = YES;
				CLANG_WARN_OBJC_ROOT_CLASS = YES_ERROR;
				CLANG_WARN_QUOTED_INCLUDE_IN_FRAMEWORK_HEADER = YES;
				CLANG_WARN_RANGE_LOOP_ANALYSIS = YES;
				CLANG_WARN_STRICT_PROTOTYPES = YES;
				CLANG_WARN_SUSPICIOUS_MOVE = YES;
				CLANG_WARN_UNGUARDED_AVAILABILITY = YES_AGGRESSIVE;
				CLANG_WARN_UNREACHABLE_CODE = YES;
				CLANG_WARN__DUPLICATE_METHOD_MATCH = YES;
				COPY_PHASE_STRIP = NO;
				DEBUG_INFORMATION_FORMAT = dwarf;
				ENABLE_STRICT_OBJC_MSGSEND = YES;
				ENABLE_TESTABILITY = YES;
				GCC_C_LANGUAGE_STANDARD = gnu11;
				GCC_DYNAMIC_NO_PIC = NO;
				GCC_NO_COMMON_BLOCKS = YES;
				GCC_OPTIMIZATION_LEVEL = 0;
				GCC_PREPROCESSOR_DEFINITIONS = (
					"DEBUG=1",
					"$(inherited)",
				);
				GCC_WARN_64_TO_32_BIT_CONVERSION = YES;
				GCC_WARN_ABOUT_RETURN_TYPE = YES_ERROR;
				GCC_WARN_UNDECLARED_SELECTOR = YES;
				GCC_WARN_UNINITIALIZED_AUTOS = YES_AGGRESSIVE;
				GCC_WARN_UNUSED_FUNCTION = YES;
				GCC_WARN_UNUSED_VARIABLE = YES;
				IPHONEOS_DEPLOYMENT_TARGET = 16.2;
				MTL_ENABLE_DEBUG_INFO = INCLUDE_SOURCE;
				MTL_FAST_MATH = YES;
				ONLY_ACTIVE_ARCH = YES;
				SDKROOT = iphoneos;
				SWIFT_ACTIVE_COMPILATION_CONDITIONS = DEBUG;
				SWIFT_OPTIMIZATION_LEVEL = "-Onone";
			};
			name = Debug;
		};
		852B9FE529D7469B003571E1 /* Release */ = {
			isa = XCBuildConfiguration;
			buildSettings = {
				ALWAYS_SEARCH_USER_PATHS = NO;
				CLANG_ANALYZER_NONNULL = YES;
				CLANG_ANALYZER_NUMBER_OBJECT_CONVERSION = YES_AGGRESSIVE;
				CLANG_CXX_LANGUAGE_STANDARD = "gnu++20";
				CLANG_ENABLE_MODULES = YES;
				CLANG_ENABLE_OBJC_ARC = YES;
				CLANG_ENABLE_OBJC_WEAK = YES;
				CLANG_WARN_BLOCK_CAPTURE_AUTORELEASING = YES;
				CLANG_WARN_BOOL_CONVERSION = YES;
				CLANG_WARN_COMMA = YES;
				CLANG_WARN_CONSTANT_CONVERSION = YES;
				CLANG_WARN_DEPRECATED_OBJC_IMPLEMENTATIONS = YES;
				CLANG_WARN_DIRECT_OBJC_ISA_USAGE = YES_ERROR;
				CLANG_WARN_DOCUMENTATION_COMMENTS = YES;
				CLANG_WARN_EMPTY_BODY = YES;
				CLANG_WARN_ENUM_CONVERSION = YES;
				CLANG_WARN_INFINITE_RECURSION = YES;
				CLANG_WARN_INT_CONVERSION = YES;
				CLANG_WARN_NON_LITERAL_NULL_CONVERSION = YES;
				CLANG_WARN_OBJC_IMPLICIT_RETAIN_SELF = YES;
				CLANG_WARN_OBJC_LITERAL_CONVERSION = YES;
				CLANG_WARN_OBJC_ROOT_CLASS = YES_ERROR;
				CLANG_WARN_QUOTED_INCLUDE_IN_FRAMEWORK_HEADER = YES;
				CLANG_WARN_RANGE_LOOP_ANALYSIS = YES;
				CLANG_WARN_STRICT_PROTOTYPES = YES;
				CLANG_WARN_SUSPICIOUS_MOVE = YES;
				CLANG_WARN_UNGUARDED_AVAILABILITY = YES_AGGRESSIVE;
				CLANG_WARN_UNREACHABLE_CODE = YES;
				CLANG_WARN__DUPLICATE_METHOD_MATCH = YES;
				COPY_PHASE_STRIP = NO;
				DEBUG_INFORMATION_FORMAT = "dwarf-with-dsym";
				ENABLE_NS_ASSERTIONS = NO;
				ENABLE_STRICT_OBJC_MSGSEND = YES;
				GCC_C_LANGUAGE_STANDARD = gnu11;
				GCC_NO_COMMON_BLOCKS = YES;
				GCC_WARN_64_TO_32_BIT_CONVERSION = YES;
				GCC_WARN_ABOUT_RETURN_TYPE = YES_ERROR;
				GCC_WARN_UNDECLARED_SELECTOR = YES;
				GCC_WARN_UNINITIALIZED_AUTOS = YES_AGGRESSIVE;
				GCC_WARN_UNUSED_FUNCTION = YES;
				GCC_WARN_UNUSED_VARIABLE = YES;
				IPHONEOS_DEPLOYMENT_TARGET = 16.2;
				MTL_ENABLE_DEBUG_INFO = NO;
				MTL_FAST_MATH = YES;
				SDKROOT = iphoneos;
				SWIFT_COMPILATION_MODE = wholemodule;
				SWIFT_OPTIMIZATION_LEVEL = "-O";
				VALIDATE_PRODUCT = YES;
			};
			name = Release;
		};
		852B9FE729D7469B003571E1 /* Debug */ = {
			isa = XCBuildConfiguration;
			buildSettings = {
				ASSETCATALOG_COMPILER_APPICON_NAME = AppIcon;
				ASSETCATALOG_COMPILER_GLOBAL_ACCENT_COLOR_NAME = AccentColor;
				CODE_SIGN_STYLE = Automatic;
				CURRENT_PROJECT_VERSION = 1;
				DEVELOPMENT_ASSET_PATHS = "\"Predaprey/Preview Content\"";
				DEVELOPMENT_TEAM = YZPL73955T;
				ENABLE_PREVIEWS = YES;
				GENERATE_INFOPLIST_FILE = YES;
				INFOPLIST_KEY_UIApplicationSceneManifest_Generation = YES;
				INFOPLIST_KEY_UIApplicationSupportsIndirectInputEvents = YES;
				INFOPLIST_KEY_UILaunchScreen_Generation = YES;
				INFOPLIST_KEY_UISupportedInterfaceOrientations_iPad = "UIInterfaceOrientationPortrait UIInterfaceOrientationPortraitUpsideDown UIInterfaceOrientationLandscapeLeft UIInterfaceOrientationLandscapeRight";
				INFOPLIST_KEY_UISupportedInterfaceOrientations_iPhone = "UIInterfaceOrientationPortrait UIInterfaceOrientationLandscapeLeft UIInterfaceOrientationLandscapeRight";
				LD_RUNPATH_SEARCH_PATHS = (
					"$(inherited)",
					"@executable_path/Frameworks",
				);
				MARKETING_VERSION = 1.0;
				PRODUCT_BUNDLE_IDENTIFIER = com.antoniodeluca.Predaprey;
				PRODUCT_NAME = "$(TARGET_NAME)";
				SWIFT_EMIT_LOC_STRINGS = YES;
				SWIFT_VERSION = 5.0;
				TARGETED_DEVICE_FAMILY = "1,2";
			};
			name = Debug;
		};
		852B9FE829D7469B003571E1 /* Release */ = {
			isa = XCBuildConfiguration;
			buildSettings = {
				ASSETCATALOG_COMPILER_APPICON_NAME = AppIcon;
				ASSETCATALOG_COMPILER_GLOBAL_ACCENT_COLOR_NAME = AccentColor;
				CODE_SIGN_STYLE = Automatic;
				CURRENT_PROJECT_VERSION = 1;
				DEVELOPMENT_ASSET_PATHS = "\"Predaprey/Preview Content\"";
				DEVELOPMENT_TEAM = YZPL73955T;
				ENABLE_PREVIEWS = YES;
				GENERATE_INFOPLIST_FILE = YES;
				INFOPLIST_KEY_UIApplicationSceneManifest_Generation = YES;
				INFOPLIST_KEY_UIApplicationSupportsIndirectInputEvents = YES;
				INFOPLIST_KEY_UILaunchScreen_Generation = YES;
				INFOPLIST_KEY_UISupportedInterfaceOrientations_iPad = "UIInterfaceOrientationPortrait UIInterfaceOrientationPortraitUpsideDown UIInterfaceOrientationLandscapeLeft UIInterfaceOrientationLandscapeRight";
				INFOPLIST_KEY_UISupportedInterfaceOrientations_iPhone = "UIInterfaceOrientationPortrait UIInterfaceOrientationLandscapeLeft UIInterfaceOrientationLandscapeRight";
				LD_RUNPATH_SEARCH_PATHS = (
					"$(inherited)",
					"@executable_path/Frameworks",
				);
				MARKETING_VERSION = 1.0;
				PRODUCT_BUNDLE_IDENTIFIER = com.antoniodeluca.Predaprey;
				PRODUCT_NAME = "$(TARGET_NAME)";
				SWIFT_EMIT_LOC_STRINGS = YES;
				SWIFT_VERSION = 5.0;
				TARGETED_DEVICE_FAMILY = "1,2";
			};
			name = Release;
		};
/* End XCBuildConfiguration section */

/* Begin XCConfigurationList section */
		852B9FD329D7469A003571E1 /* Build configuration list for PBXProject "Predaprey" */ = {
			isa = XCConfigurationList;
			buildConfigurations = (
				852B9FE429D7469B003571E1 /* Debug */,
				852B9FE529D7469B003571E1 /* Release */,
			);
			defaultConfigurationIsVisible = 0;
			defaultConfigurationName = Release;
		};
		852B9FE629D7469B003571E1 /* Build configuration list for PBXNativeTarget "Predaprey" */ = {
			isa = XCConfigurationList;
			buildConfigurations = (
				852B9FE729D7469B003571E1 /* Debug */,
				852B9FE829D7469B003571E1 /* Release */,
			);
			defaultConfigurationIsVisible = 0;
			defaultConfigurationName = Release;
		};
/* End XCConfigurationList section */
	};
	rootObject = 852B9FD029D7469A003571E1 /* Project object */;
}
